
Microsoft Visual Studio Solution File, Format Version 12.00
# Visual Studio Version 17
VisualStudioVersion = 17.6.33801.468
MinimumVisualStudioVersion = 10.0.40219.1
Project("{FAE04EC0-301F-11D3-BF4B-00C04F79EFBC}") = "NormalDistributionRandom", "NormalDistributionRandom.csproj", "{94138C21-7298-4853-9E3D-43130D288FC9}"
EndProject
Global
	GlobalSection(SolutionConfigurationPlatforms) = preSolution
		Debug|Any CPU = Debug|Any CPU
		Release|Any CPU = Release|Any CPU
	EndGlobalSection
	GlobalSection(ProjectConfigurationPlatforms) = postSolution
		{94138C21-7298-4853-9E3D-43130D288FC9}.Debug|Any CPU.ActiveCfg = Debug|Any CPU
		{94138C21-7298-4853-9E3D-43130D288FC9}.Debug|Any CPU.Build.0 = Debug|Any CPU
		{94138C21-7298-4853-9E3D-43130D288FC9}.Release|Any CPU.ActiveCfg = Release|Any CPU
		{94138C21-7298-4853-9E3D-43130D288FC9}.Release|Any CPU.Build.0 = Release|Any CPU
	EndGlobalSection
	GlobalSection(SolutionProperties) = preSolution
		HideSolutionNode = FALSE
	EndGlobalSection
	GlobalSection(ExtensibilityGlobals) = postSolution
		SolutionGuid = {80911A0E-D752-4D78-832A-73EDEA6DB022}
	EndGlobalSection
EndGlobal
